
Microsoft Visual Studio Solution File, Format Version 12.00
# Visual Studio 14
VisualStudioVersion = 14.0.23107.0
MinimumVisualStudioVersion = 10.0.40219.1
Project("{CC5FD16D-436D-48AD-A40C-5A424C6E3E79}") = "UrlShortner.CloudService", "UrlShortner.CloudService\UrlShortner.CloudService.ccproj", "{C066446B-96E0-4ABD-848D-A0C579976DE8}"
EndProject
Project("{FAE04EC0-301F-11D3-BF4B-00C04F79EFBC}") = "UrlShortner.WorkerRole", "UrlShortner.WorkerRole\UrlShortner.WorkerRole.csproj", "{DB049269-06C1-4D1F-A3E3-67403055BD4C}"
EndProject
Project("{2150E333-8FDC-42A3-9474-1A3956D46DE8}") = "Solution Items", "Solution Items", "{3F50B2CF-0FBD-4B66-B68B-7BEA0DF33E7E}"
	ProjectSection(SolutionItems) = preProject
		.gitignore = .gitignore
		LICENSE = LICENSE
		README.md = README.md
	EndProjectSection
EndProject
Global
	GlobalSection(SolutionConfigurationPlatforms) = preSolution
		Debug|Any CPU = Debug|Any CPU
		Release|Any CPU = Release|Any CPU
	EndGlobalSection
	GlobalSection(ProjectConfigurationPlatforms) = postSolution
		{C066446B-96E0-4ABD-848D-A0C579976DE8}.Debug|Any CPU.ActiveCfg = Debug|Any CPU
		{C066446B-96E0-4ABD-848D-A0C579976DE8}.Debug|Any CPU.Build.0 = Debug|Any CPU
		{C066446B-96E0-4ABD-848D-A0C579976DE8}.Release|Any CPU.ActiveCfg = Release|Any CPU
		{C066446B-96E0-4ABD-848D-A0C579976DE8}.Release|Any CPU.Build.0 = Release|Any CPU
		{DB049269-06C1-4D1F-A3E3-67403055BD4C}.Debug|Any CPU.ActiveCfg = Debug|Any CPU
		{DB049269-06C1-4D1F-A3E3-67403055BD4C}.Debug|Any CPU.Build.0 = Debug|Any CPU
		{DB049269-06C1-4D1F-A3E3-67403055BD4C}.Release|Any CPU.ActiveCfg = Release|Any CPU
		{DB049269-06C1-4D1F-A3E3-67403055BD4C}.Release|Any CPU.Build.0 = Release|Any CPU
	EndGlobalSection
	GlobalSection(SolutionProperties) = preSolution
		HideSolutionNode = FALSE
	EndGlobalSection
EndGlobal
